
Microsoft Visual Studio Solution File, Format Version 12.00
# Visual Studio Version 17
VisualStudioVersion = 17.1.32421.90
MinimumVisualStudioVersion = 10.0.40219.1
Project("{FAE04EC0-301F-11D3-BF4B-00C04F79EFBC}") = "HTTP-5212-RNA-Group4-HospitalProject", "HTTP-5212-RNA-Group4-HospitalProject.csproj", "{9C6A1353-F4F4-4180-AF4B-C610EFA03053}"
EndProject
Global
	GlobalSection(SolutionConfigurationPlatforms) = preSolution
		Debug|Any CPU = Debug|Any CPU
		Release|Any CPU = Release|Any CPU
	EndGlobalSection
	GlobalSection(ProjectConfigurationPlatforms) = postSolution
		{9C6A1353-F4F4-4180-AF4B-C610EFA03053}.Debug|Any CPU.ActiveCfg = Debug|Any CPU
		{9C6A1353-F4F4-4180-AF4B-C610EFA03053}.Debug|Any CPU.Build.0 = Debug|Any CPU
		{9C6A1353-F4F4-4180-AF4B-C610EFA03053}.Release|Any CPU.ActiveCfg = Release|Any CPU
		{9C6A1353-F4F4-4180-AF4B-C610EFA03053}.Release|Any CPU.Build.0 = Release|Any CPU
	EndGlobalSection
	GlobalSection(SolutionProperties) = preSolution
		HideSolutionNode = FALSE
	EndGlobalSection
	GlobalSection(ExtensibilityGlobals) = postSolution
		SolutionGuid = {25F0B0B4-0904-4A59-9F4B-1F64CBA53276}
	EndGlobalSection
EndGlobal
